
Microsoft Visual Studio Solution File, Format Version 12.00
# Visual Studio Version 16
VisualStudioVersion = 16.0.31624.102
MinimumVisualStudioVersion = 10.0.40219.1
Project("{FAE04EC0-301F-11D3-BF4B-00C04F79EFBC}") = "WebApplication5", "WebApplication5\WebApplication5.csproj", "{16E1F245-0620-4785-BF4B-4CA51E5E2DB6}"
EndProject
Global
	GlobalSection(SolutionConfigurationPlatforms) = preSolution
		Debug|Any CPU = Debug|Any CPU
		Release|Any CPU = Release|Any CPU
	EndGlobalSection
	GlobalSection(ProjectConfigurationPlatforms) = postSolution
		{16E1F245-0620-4785-BF4B-4CA51E5E2DB6}.Debug|Any CPU.ActiveCfg = Debug|Any CPU
		{16E1F245-0620-4785-BF4B-4CA51E5E2DB6}.Debug|Any CPU.Build.0 = Debug|Any CPU
		{16E1F245-0620-4785-BF4B-4CA51E5E2DB6}.Release|Any CPU.ActiveCfg = Release|Any CPU
		{16E1F245-0620-4785-BF4B-4CA51E5E2DB6}.Release|Any CPU.Build.0 = Release|Any CPU
	EndGlobalSection
	GlobalSection(SolutionProperties) = preSolution
		HideSolutionNode = FALSE
	EndGlobalSection
	GlobalSection(ExtensibilityGlobals) = postSolution
		SolutionGuid = {7B90AC17-89B0-4ACC-AD53-CD3470D55D01}
	EndGlobalSection
EndGlobal
